
Microsoft Visual Studio Solution File, Format Version 12.00
# Visual Studio Version 17
VisualStudioVersion = 17.2.32602.215
MinimumVisualStudioVersion = 10.0.40219.1
Project("{FAE04EC0-301F-11D3-BF4B-00C04F79EFBC}") = "CountTextsStartingWithA", "CountTextsStartingWithA\CountTextsStartingWithA.csproj", "{EB68C13B-456C-454E-B6F0-47A227B6851D}"
EndProject
Global
	GlobalSection(SolutionConfigurationPlatforms) = preSolution
		Debug|Any CPU = Debug|Any CPU
		Release|Any CPU = Release|Any CPU
	EndGlobalSection
	GlobalSection(ProjectConfigurationPlatforms) = postSolution
		{EB68C13B-456C-454E-B6F0-47A227B6851D}.Debug|Any CPU.ActiveCfg = Debug|Any CPU
		{EB68C13B-456C-454E-B6F0-47A227B6851D}.Debug|Any CPU.Build.0 = Debug|Any CPU
		{EB68C13B-456C-454E-B6F0-47A227B6851D}.Release|Any CPU.ActiveCfg = Release|Any CPU
		{EB68C13B-456C-454E-B6F0-47A227B6851D}.Release|Any CPU.Build.0 = Release|Any CPU
	EndGlobalSection
	GlobalSection(SolutionProperties) = preSolution
		HideSolutionNode = FALSE
	EndGlobalSection
	GlobalSection(ExtensibilityGlobals) = postSolution
		SolutionGuid = {39FD4EAD-DEEF-4B74-8ACF-D424C02AAA02}
	EndGlobalSection
EndGlobal
